
Microsoft Visual Studio Solution File, Format Version 12.00
# Visual Studio 15
VisualStudioVersion = 15.0.28307.1169
MinimumVisualStudioVersion = 10.0.40219.1
Project("{8BC9CEB8-8B4A-11D0-8D11-00A0C91BC942}") = "DtsDecoder", "DtsDecoder.vcxproj", "{CE7B2AD2-EBE3-48CB-B72D-0381493B8707}"
EndProject
Project("{8BC9CEB8-8B4A-11D0-8D11-00A0C91BC942}") = "TestDecoder", "TestDecoder\TestDecoder.vcxproj", "{149CDC1D-D850-4A5F-8B69-97243CEA3D3D}"
EndProject
Global
	GlobalSection(SolutionConfigurationPlatforms) = preSolution
		Debug|x64 = Debug|x64
		Debug|x86 = Debug|x86
		Release|x64 = Release|x64
		Release|x86 = Release|x86
	EndGlobalSection
	GlobalSection(ProjectConfigurationPlatforms) = postSolution
		{CE7B2AD2-EBE3-48CB-B72D-0381493B8707}.Debug|x64.ActiveCfg = Debug|x64
		{CE7B2AD2-EBE3-48CB-B72D-0381493B8707}.Debug|x64.Build.0 = Debug|x64
		{CE7B2AD2-EBE3-48CB-B72D-0381493B8707}.Debug|x86.ActiveCfg = Debug|Win32
		{CE7B2AD2-EBE3-48CB-B72D-0381493B8707}.Debug|x86.Build.0 = Debug|Win32
		{CE7B2AD2-EBE3-48CB-B72D-0381493B8707}.Release|x64.ActiveCfg = Release|x64
		{CE7B2AD2-EBE3-48CB-B72D-0381493B8707}.Release|x64.Build.0 = Release|x64
		{CE7B2AD2-EBE3-48CB-B72D-0381493B8707}.Release|x86.ActiveCfg = Release|Win32
		{CE7B2AD2-EBE3-48CB-B72D-0381493B8707}.Release|x86.Build.0 = Release|Win32
		{149CDC1D-D850-4A5F-8B69-97243CEA3D3D}.Debug|x64.ActiveCfg = Debug|x64
		{149CDC1D-D850-4A5F-8B69-97243CEA3D3D}.Debug|x64.Build.0 = Debug|x64
		{149CDC1D-D850-4A5F-8B69-97243CEA3D3D}.Debug|x86.ActiveCfg = Debug|Win32
		{149CDC1D-D850-4A5F-8B69-97243CEA3D3D}.Debug|x86.Build.0 = Debug|Win32
		{149CDC1D-D850-4A5F-8B69-97243CEA3D3D}.Release|x64.ActiveCfg = Release|x64
		{149CDC1D-D850-4A5F-8B69-97243CEA3D3D}.Release|x64.Build.0 = Release|x64
		{149CDC1D-D850-4A5F-8B69-97243CEA3D3D}.Release|x86.ActiveCfg = Release|Win32
		{149CDC1D-D850-4A5F-8B69-97243CEA3D3D}.Release|x86.Build.0 = Release|Win32
	EndGlobalSection
	GlobalSection(SolutionProperties) = preSolution
		HideSolutionNode = FALSE
	EndGlobalSection
	GlobalSection(ExtensibilityGlobals) = postSolution
		SolutionGuid = {15A490D8-CE32-4423-9B0B-AE4E5F97B4D3}
	EndGlobalSection
EndGlobal
